// !$*UTF8*$!
{
	archiveVersion = 1;
	classes = {
	};
	objectVersion = 46;
	objects = {

/* Begin PBXBuildFile section */
		008AFA501EC511760088345F /* AppDelegate.swift in Sources */ = {isa = PBXBuildFile; fileRef = 008AFA4F1EC511760088345F /* AppDelegate.swift */; };
		008AFA521EC511760088345F /* ViewController.swift in Sources */ = {isa = PBXBuildFile; fileRef = 008AFA511EC511760088345F /* ViewController.swift */; };
		008AFA551EC511760088345F /* Main.storyboard in Resources */ = {isa = PBXBuildFile; fileRef = 008AFA531EC511760088345F /* Main.storyboard */; };
		008AFA571EC511760088345F /* Assets.xcassets in Resources */ = {isa = PBXBuildFile; fileRef = 008AFA561EC511760088345F /* Assets.xcassets */; };
		008AFA5A1EC511760088345F /* LaunchScreen.storyboard in Resources */ = {isa = PBXBuildFile; fileRef = 008AFA581EC511760088345F /* LaunchScreen.storyboard */; };
		008AFA651EC511760088345F /* knapsack2Tests.swift in Sources */ = {isa = PBXBuildFile; fileRef = 008AFA641EC511760088345F /* knapsack2Tests.swift */; };
		008AFA701EC511760088345F /* knapsack2UITests.swift in Sources */ = {isa = PBXBuildFile; fileRef = 008AFA6F1EC511760088345F /* knapsack2UITests.swift */; };
		008AFA7E1EC511A40088345F /* Podfile in Resources */ = {isa = PBXBuildFile; fileRef = 008AFA7D1EC511A40088345F /* Podfile */; };
		008AFA7F1EC511A40088345F /* Podfile in Resources */ = {isa = PBXBuildFile; fileRef = 008AFA7D1EC511A40088345F /* Podfile */; };
		008AFA801EC511A40088345F /* Podfile in Resources */ = {isa = PBXBuildFile; fileRef = 008AFA7D1EC511A40088345F /* Podfile */; };
		5A8C7020154476A0140010E2 /* Pods_knapsack2Tests.framework in Frameworks */ = {isa = PBXBuildFile; fileRef = E7A39B9032EEC59F91D9E790 /* Pods_knapsack2Tests.framework */; };
		E6572C7AE6F5531E6C770CCE /* Pods_knapsack2.framework in Frameworks */ = {isa = PBXBuildFile; fileRef = 6AEB79C7A983566C98A61E85 /* Pods_knapsack2.framework */; };
/* End PBXBuildFile section */

/* Begin PBXContainerItemProxy section */
		008AFA611EC511760088345F /* PBXContainerItemProxy */ = {
			isa = PBXContainerItemProxy;
			containerPortal = 008AFA441EC511760088345F /* Project object */;
			proxyType = 1;
			remoteGlobalIDString = 008AFA4B1EC511760088345F;
			remoteInfo = knapsack2;
		};
		008AFA6C1EC511760088345F /* PBXContainerItemProxy */ = {
			isa = PBXContainerItemProxy;
			containerPortal = 008AFA441EC511760088345F /* Project object */;
			proxyType = 1;
			remoteGlobalIDString = 008AFA4B1EC511760088345F;
			remoteInfo = knapsack2;
		};
/* End PBXContainerItemProxy section */

/* Begin PBXFileReference section */
		008AFA4C1EC511760088345F /* knapsack2.app */ = {isa = PBXFileReference; explicitFileType = wrapper.application; includeInIndex = 0; path = knapsack2.app; sourceTree = BUILT_PRODUCTS_DIR; };
		008AFA4F1EC511760088345F /* AppDelegate.swift */ = {isa = PBXFileReference; lastKnownFileType = sourcecode.swift; path = AppDelegate.swift; sourceTree = "<group>"; };
		008AFA511EC511760088345F /* ViewController.swift */ = {isa = PBXFileReference; lastKnownFileType = sourcecode.swift; path = ViewController.swift; sourceTree = "<group>"; };
		008AFA541EC511760088345F /* Base */ = {isa = PBXFileReference; lastKnownFileType = file.storyboard; name = Base; path = Base.lproj/Main.storyboard; sourceTree = "<group>"; };
		008AFA561EC511760088345F /* Assets.xcassets */ = {isa = PBXFileReference; lastKnownFileType = folder.assetcatalog; path = Assets.xcassets; sourceTree = "<group>"; };
		008AFA591EC511760088345F /* Base */ = {isa = PBXFileReference; lastKnownFileType = file.storyboard; name = Base; path = Base.lproj/LaunchScreen.storyboard; sourceTree = "<group>"; };
		008AFA5B1EC511760088345F /* Info.plist */ = {isa = PBXFileReference; lastKnownFileType = text.plist.xml; path = Info.plist; sourceTree = "<group>"; };
		008AFA601EC511760088345F /* knapsack2Tests.xctest */ = {isa = PBXFileReference; explicitFileType = wrapper.cfbundle; includeInIndex = 0; path = knapsack2Tests.xctest; sourceTree = BUILT_PRODUCTS_DIR; };
		008AFA641EC511760088345F /* knapsack2Tests.swift */ = {isa = PBXFileReference; lastKnownFileType = sourcecode.swift; path = knapsack2Tests.swift; sourceTree = "<group>"; };
		008AFA661EC511760088345F /* Info.plist */ = {isa = PBXFileReference; lastKnownFileType = text.plist.xml; path = Info.plist; sourceTree = "<group>"; };
		008AFA6B1EC511760088345F /* knapsack2UITests.xctest */ = {isa = PBXFileReference; explicitFileType = wrapper.cfbundle; includeInIndex = 0; path = knapsack2UITests.xctest; sourceTree = BUILT_PRODUCTS_DIR; };
		008AFA6F1EC511760088345F /* knapsack2UITests.swift */ = {isa = PBXFileReference; lastKnownFileType = sourcecode.swift; path = knapsack2UITests.swift; sourceTree = "<group>"; };
		008AFA711EC511760088345F /* Info.plist */ = {isa = PBXFileReference; lastKnownFileType = text.plist.xml; path = Info.plist; sourceTree = "<group>"; };
		008AFA7D1EC511A40088345F /* Podfile */ = {isa = PBXFileReference; fileEncoding = 4; lastKnownFileType = text; name = Podfile; path = ../Podfile; sourceTree = "<group>"; xcLanguageSpecificationIdentifier = xcode.lang.ruby; };
		22C84A99B9CD129F7809FB60 /* Pods-knapsack2.debug.xcconfig */ = {isa = PBXFileReference; includeInIndex = 1; lastKnownFileType = text.xcconfig; name = "Pods-knapsack2.debug.xcconfig"; path = "Pods/Target Support Files/Pods-knapsack2/Pods-knapsack2.debug.xcconfig"; sourceTree = "<group>"; };
		5882B79A74C4505105D79282 /* Pods-knapsack2Tests.release.xcconfig */ = {isa = PBXFileReference; includeInIndex = 1; lastKnownFileType = text.xcconfig; name = "Pods-knapsack2Tests.release.xcconfig"; path = "Pods/Target Support Files/Pods-knapsack2Tests/Pods-knapsack2Tests.release.xcconfig"; sourceTree = "<group>"; };
		6AEB79C7A983566C98A61E85 /* Pods_knapsack2.framework */ = {isa = PBXFileReference; explicitFileType = wrapper.framework; includeInIndex = 0; path = Pods_knapsack2.framework; sourceTree = BUILT_PRODUCTS_DIR; };
		9913F114F8EAF75CCFE5CF3F /* Pods-knapsack2Tests.debug.xcconfig */ = {isa = PBXFileReference; includeInIndex = 1; lastKnownFileType = text.xcconfig; name = "Pods-knapsack2Tests.debug.xcconfig"; path = "Pods/Target Support Files/Pods-knapsack2Tests/Pods-knapsack2Tests.debug.xcconfig"; sourceTree = "<group>"; };
		A2F59DC21266F2015067BC67 /* Pods-knapsack2.release.xcconfig */ = {isa = PBXFileReference; includeInIndex = 1; lastKnownFileType = text.xcconfig; name = "Pods-knapsack2.release.xcconfig"; path = "Pods/Target Support Files/Pods-knapsack2/Pods-knapsack2.release.xcconfig"; sourceTree = "<group>"; };
		E7A39B9032EEC59F91D9E790 /* Pods_knapsack2Tests.framework */ = {isa = PBXFileReference; explicitFileType = wrapper.framework; includeInIndex = 0; path = Pods_knapsack2Tests.framework; sourceTree = BUILT_PRODUCTS_DIR; };
/* End PBXFileReference section */

/* Begin PBXFrameworksBuildPhase section */
		008AFA491EC511760088345F /* Frameworks */ = {
			isa = PBXFrameworksBuildPhase;
			buildActionMask = 2147483647;
			files = (
				E6572C7AE6F5531E6C770CCE /* Pods_knapsack2.framework in Frameworks */,
			);
			runOnlyForDeploymentPostprocessing = 0;
		};
		008AFA5D1EC511760088345F /* Frameworks */ = {
			isa = PBXFrameworksBuildPhase;
			buildActionMask = 2147483647;
			files = (
				5A8C7020154476A0140010E2 /* Pods_knapsack2Tests.framework in Frameworks */,
			);
			runOnlyForDeploymentPostprocessing = 0;
		};
		008AFA681EC511760088345F /* Frameworks */ = {
			isa = PBXFrameworksBuildPhase;
			buildActionMask = 2147483647;
			files = (
			);
			runOnlyForDeploymentPostprocessing = 0;
		};
/* End PBXFrameworksBuildPhase section */

/* Begin PBXGroup section */
		008AFA431EC511760088345F = {
			isa = PBXGroup;
			children = (
				008AFA4E1EC511760088345F /* knapsack2 */,
				008AFA631EC511760088345F /* knapsack2Tests */,
				008AFA6E1EC511760088345F /* knapsack2UITests */,
				008AFA4D1EC511760088345F /* Products */,
				2573DD02199B910B09D0C464 /* Pods */,
				CAEAC5B15B80D522A2F38727 /* Frameworks */,
			);
			sourceTree = "<group>";
		};
		008AFA4D1EC511760088345F /* Products */ = {
			isa = PBXGroup;
			children = (
				008AFA4C1EC511760088345F /* knapsack2.app */,
				008AFA601EC511760088345F /* knapsack2Tests.xctest */,
				008AFA6B1EC511760088345F /* knapsack2UITests.xctest */,
			);
			name = Products;
			sourceTree = "<group>";
		};
		008AFA4E1EC511760088345F /* knapsack2 */ = {
			isa = PBXGroup;
			children = (
				008AFA531EC511760088345F /* Main.storyboard */,
				008AFA511EC511760088345F /* ViewController.swift */,
				008AFA811EC521E90088345F /* Support Files */,
			);
			path = knapsack2;
			sourceTree = "<group>";
		};
		008AFA631EC511760088345F /* knapsack2Tests */ = {
			isa = PBXGroup;
			children = (
				008AFA641EC511760088345F /* knapsack2Tests.swift */,
				008AFA661EC511760088345F /* Info.plist */,
			);
			path = knapsack2Tests;
			sourceTree = "<group>";
		};
		008AFA6E1EC511760088345F /* knapsack2UITests */ = {
			isa = PBXGroup;
			children = (
				008AFA6F1EC511760088345F /* knapsack2UITests.swift */,
				008AFA711EC511760088345F /* Info.plist */,
			);
			path = knapsack2UITests;
			sourceTree = "<group>";
		};
		008AFA811EC521E90088345F /* Support Files */ = {
			isa = PBXGroup;
			children = (
				008AFA561EC511760088345F /* Assets.xcassets */,
				008AFA5B1EC511760088345F /* Info.plist */,
				008AFA4F1EC511760088345F /* AppDelegate.swift */,
				008AFA7D1EC511A40088345F /* Podfile */,
				008AFA581EC511760088345F /* LaunchScreen.storyboard */,
			);
			name = "Support Files";
			sourceTree = "<group>";
		};
		2573DD02199B910B09D0C464 /* Pods */ = {
			isa = PBXGroup;
			children = (
				22C84A99B9CD129F7809FB60 /* Pods-knapsack2.debug.xcconfig */,
				A2F59DC21266F2015067BC67 /* Pods-knapsack2.release.xcconfig */,
				9913F114F8EAF75CCFE5CF3F /* Pods-knapsack2Tests.debug.xcconfig */,
				5882B79A74C4505105D79282 /* Pods-knapsack2Tests.release.xcconfig */,
			);
			name = Pods;
			sourceTree = "<group>";
		};
		CAEAC5B15B80D522A2F38727 /* Frameworks */ = {
			isa = PBXGroup;
			children = (
				6AEB79C7A983566C98A61E85 /* Pods_knapsack2.framework */,
				E7A39B9032EEC59F91D9E790 /* Pods_knapsack2Tests.framework */,
			);
			name = Frameworks;
			sourceTree = "<group>";
		};
/* End PBXGroup section */

/* Begin PBXNativeTarget section */
		008AFA4B1EC511760088345F /* knapsack2 */ = {
			isa = PBXNativeTarget;
			buildConfigurationList = 008AFA741EC511760088345F /* Build configuration list for PBXNativeTarget "knapsack2" */;
			buildPhases = (
				47213072094AFF2A09A994F8 /* [CP] Check Pods Manifest.lock */,
				008AFA481EC511760088345F /* Sources */,
				008AFA491EC511760088345F /* Frameworks */,
				008AFA4A1EC511760088345F /* Resources */,
				36C4A6FF1467FFBBBF71D532 /* [CP] Embed Pods Frameworks */,
				4368AE1C44F35A32AFBA161F /* [CP] Copy Pods Resources */,
			);
			buildRules = (
			);
			dependencies = (
			);
			name = knapsack2;
			productName = knapsack2;
			productReference = 008AFA4C1EC511760088345F /* knapsack2.app */;
			productType = "com.apple.product-type.application";
		};
		008AFA5F1EC511760088345F /* knapsack2Tests */ = {
			isa = PBXNativeTarget;
			buildConfigurationList = 008AFA771EC511760088345F /* Build configuration list for PBXNativeTarget "knapsack2Tests" */;
			buildPhases = (
				786CB426C52EF64131E5394E /* [CP] Check Pods Manifest.lock */,
				008AFA5C1EC511760088345F /* Sources */,
				008AFA5D1EC511760088345F /* Frameworks */,
				008AFA5E1EC511760088345F /* Resources */,
				561B183579FE9777D26EEB5F /* [CP] Embed Pods Frameworks */,
				8489EDD4FE24B4AD2B2A01C3 /* [CP] Copy Pods Resources */,
			);
			buildRules = (
			);
			dependencies = (
				008AFA621EC511760088345F /* PBXTargetDependency */,
			);
			name = knapsack2Tests;
			productName = knapsack2Tests;
			productReference = 008AFA601EC511760088345F /* knapsack2Tests.xctest */;
			productType = "com.apple.product-type.bundle.unit-test";
		};
		008AFA6A1EC511760088345F /* knapsack2UITests */ = {
			isa = PBXNativeTarget;
			buildConfigurationList = 008AFA7A1EC511760088345F /* Build configuration list for PBXNativeTarget "knapsack2UITests" */;
			buildPhases = (
				008AFA671EC511760088345F /* Sources */,
				008AFA681EC511760088345F /* Frameworks */,
				008AFA691EC511760088345F /* Resources */,
			);
			buildRules = (
			);
			dependencies = (
				008AFA6D1EC511760088345F /* PBXTargetDependency */,
			);
			name = knapsack2UITests;
			productName = knapsack2UITests;
			productReference = 008AFA6B1EC511760088345F /* knapsack2UITests.xctest */;
			productType = "com.apple.product-type.bundle.ui-testing";
		};
/* End PBXNativeTarget section */

/* Begin PBXProject section */
		008AFA441EC511760088345F /* Project object */ = {
			isa = PBXProject;
			attributes = {
				LastSwiftUpdateCheck = 0830;
				LastUpgradeCheck = 0830;
				ORGANIZATIONNAME = diligentagility;
				TargetAttributes = {
					008AFA4B1EC511760088345F = {
						CreatedOnToolsVersion = 8.3.2;
						DevelopmentTeam = LWH67H9CS7;
						ProvisioningStyle = Automatic;
					};
					008AFA5F1EC511760088345F = {
						CreatedOnToolsVersion = 8.3.2;
						DevelopmentTeam = LWH67H9CS7;
						ProvisioningStyle = Automatic;
						TestTargetID = 008AFA4B1EC511760088345F;
					};
					008AFA6A1EC511760088345F = {
						CreatedOnToolsVersion = 8.3.2;
						DevelopmentTeam = LWH67H9CS7;
						ProvisioningStyle = Automatic;
						TestTargetID = 008AFA4B1EC511760088345F;
					};
				};
			};
			buildConfigurationList = 008AFA471EC511760088345F /* Build configuration list for PBXProject "knapsack2" */;
			compatibilityVersion = "Xcode 3.2";
			developmentRegion = English;
			hasScannedForEncodings = 0;
			knownRegions = (
				en,
				Base,
			);
			mainGroup = 008AFA431EC511760088345F;
			productRefGroup = 008AFA4D1EC511760088345F /* Products */;
			projectDirPath = "";
			projectRoot = "";
			targets = (
				008AFA4B1EC511760088345F /* knapsack2 */,
				008AFA5F1EC511760088345F /* knapsack2Tests */,
				008AFA6A1EC511760088345F /* knapsack2UITests */,
			);
		};
/* End PBXProject section */

/* Begin PBXResourcesBuildPhase section */
		008AFA4A1EC511760088345F /* Resources */ = {
			isa = PBXResourcesBuildPhase;
			buildActionMask = 2147483647;
			files = (
				008AFA5A1EC511760088345F /* LaunchScreen.storyboard in Resources */,
				008AFA571EC511760088345F /* Assets.xcassets in Resources */,
				008AFA7E1EC511A40088345F /* Podfile in Resources */,
				008AFA551EC511760088345F /* Main.storyboard in Resources */,
			);
			runOnlyForDeploymentPostprocessing = 0;
		};
		008AFA5E1EC511760088345F /* Resources */ = {
			isa = PBXResourcesBuildPhase;
			buildActionMask = 2147483647;
			files = (
				008AFA7F1EC511A40088345F /* Podfile in Resources */,
			);
			runOnlyForDeploymentPostprocessing = 0;
		};
		008AFA691EC511760088345F /* Resources */ = {
			isa = PBXResourcesBuildPhase;
			buildActionMask = 2147483647;
			files = (
				008AFA801EC511A40088345F /* Podfile in Resources */,
			);
			runOnlyForDeploymentPostprocessing = 0;
		};
/* End PBXResourcesBuildPhase section */

/* Begin PBXShellScriptBuildPhase section */
		36C4A6FF1467FFBBBF71D532 /* [CP] Embed Pods Frameworks */ = {
			isa = PBXShellScriptBuildPhase;
			buildActionMask = 2147483647;
			files = (
			);
			inputPaths = (
			);
			name = "[CP] Embed Pods Frameworks";
			outputPaths = (
			);
			runOnlyForDeploymentPostprocessing = 0;
			shellPath = /bin/sh;
			shellScript = "\"${SRCROOT}/Pods/Target Support Files/Pods-knapsack2/Pods-knapsack2-frameworks.sh\"\n";
			showEnvVarsInLog = 0;
		};
		4368AE1C44F35A32AFBA161F /* [CP] Copy Pods Resources */ = {
			isa = PBXShellScriptBuildPhase;
			buildActionMask = 2147483647;
			files = (
			);
			inputPaths = (
			);
			name = "[CP] Copy Pods Resources";
			outputPaths = (
			);
			runOnlyForDeploymentPostprocessing = 0;
			shellPath = /bin/sh;
			shellScript = "\"${SRCROOT}/Pods/Target Support Files/Pods-knapsack2/Pods-knapsack2-resources.sh\"\n";
			showEnvVarsInLog = 0;
		};
		47213072094AFF2A09A994F8 /* [CP] Check Pods Manifest.lock */ = {
			isa = PBXShellScriptBuildPhase;
			buildActionMask = 2147483647;
			files = (
			);
			inputPaths = (
			);
			name = "[CP] Check Pods Manifest.lock";
			outputPaths = (
			);
			runOnlyForDeploymentPostprocessing = 0;
			shellPath = /bin/sh;
			shellScript = "diff \"${PODS_PODFILE_DIR_PATH}/Podfile.lock\" \"${PODS_ROOT}/Manifest.lock\" > /dev/null\nif [ $? != 0 ] ; then\n    # print error to STDERR\n    echo \"error: The sandbox is not in sync with the Podfile.lock. Run 'pod install' or update your CocoaPods installation.\" >&2\n    exit 1\nfi\n";
			showEnvVarsInLog = 0;
		};
		561B183579FE9777D26EEB5F /* [CP] Embed Pods Frameworks */ = {
			isa = PBXShellScriptBuildPhase;
			buildActionMask = 2147483647;
			files = (
			);
			inputPaths = (
			);
			name = "[CP] Embed Pods Frameworks";
			outputPaths = (
			);
			runOnlyForDeploymentPostprocessing = 0;
			shellPath = /bin/sh;
			shellScript = "\"${SRCROOT}/Pods/Target Support Files/Pods-knapsack2Tests/Pods-knapsack2Tests-frameworks.sh\"\n";
			showEnvVarsInLog = 0;
		};
		786CB426C52EF64131E5394E /* [CP] Check Pods Manifest.lock */ = {
			isa = PBXShellScriptBuildPhase;
			buildActionMask = 2147483647;
			files = (
			);
			inputPaths = (
			);
			name = "[CP] Check Pods Manifest.lock";
			outputPaths = (
			);
			runOnlyForDeploymentPostprocessing = 0;
			shellPath = /bin/sh;
			shellScript = "diff \"${PODS_PODFILE_DIR_PATH}/Podfile.lock\" \"${PODS_ROOT}/Manifest.lock\" > /dev/null\nif [ $? != 0 ] ; then\n    # print error to STDERR\n    echo \"error: The sandbox is not in sync with the Podfile.lock. Run 'pod install' or update your CocoaPods installation.\" >&2\n    exit 1\nfi\n";
			showEnvVarsInLog = 0;
		};
		8489EDD4FE24B4AD2B2A01C3 /* [CP] Copy Pods Resources */ = {
			isa = PBXShellScriptBuildPhase;
			buildActionMask = 2147483647;
			files = (
			);
			inputPaths = (
			);
			name = "[CP] Copy Pods Resources";
			outputPaths = (
			);
			runOnlyForDeploymentPostprocessing = 0;
			shellPath = /bin/sh;
			shellScript = "\"${SRCROOT}/Pods/Target Support Files/Pods-knapsack2Tests/Pods-knapsack2Tests-resources.sh\"\n";
			showEnvVarsInLog = 0;
		};
/* End PBXShellScriptBuildPhase section */

/* Begin PBXSourcesBuildPhase section */
		008AFA481EC511760088345F /* Sources */ = {
			isa = PBXSourcesBuildPhase;
			buildActionMask = 2147483647;
			files = (
				008AFA521EC511760088345F /* ViewController.swift in Sources */,
				008AFA501EC511760088345F /* AppDelegate.swift in Sources */,
			);
			runOnlyForDeploymentPostprocessing = 0;
		};
		008AFA5C1EC511760088345F /* Sources */ = {
			isa = PBXSourcesBuildPhase;
			buildActionMask = 2147483647;
			files = (
				008AFA651EC511760088345F /* knapsack2Tests.swift in Sources */,
			);
			runOnlyForDeploymentPostprocessing = 0;
		};
		008AFA671EC511760088345F /* Sources */ = {
			isa = PBXSourcesBuildPhase;
			buildActionMask = 2147483647;
			files = (
				008AFA701EC511760088345F /* knapsack2UITests.swift in Sources */,
			);
			runOnlyForDeploymentPostprocessing = 0;
		};
/* End PBXSourcesBuildPhase section */

/* Begin PBXTargetDependency section */
		008AFA621EC511760088345F /* PBXTargetDependency */ = {
			isa = PBXTargetDependency;
			target = 008AFA4B1EC511760088345F /* knapsack2 */;
			targetProxy = 008AFA611EC511760088345F /* PBXContainerItemProxy */;
		};
		008AFA6D1EC511760088345F /* PBXTargetDependency */ = {
			isa = PBXTargetDependency;
			target = 008AFA4B1EC511760088345F /* knapsack2 */;
			targetProxy = 008AFA6C1EC511760088345F /* PBXContainerItemProxy */;
		};
/* End PBXTargetDependency section */

/* Begin PBXVariantGroup section */
		008AFA531EC511760088345F /* Main.storyboard */ = {
			isa = PBXVariantGroup;
			children = (
				008AFA541EC511760088345F /* Base */,
			);
			name = Main.storyboard;
			sourceTree = "<group>";
		};
		008AFA581EC511760088345F /* LaunchScreen.storyboard */ = {
			isa = PBXVariantGroup;
			children = (
				008AFA591EC511760088345F /* Base */,
			);
			name = LaunchScreen.storyboard;
			sourceTree = "<group>";
		};
/* End PBXVariantGroup section */

/* Begin XCBuildConfiguration section */
		008AFA721EC511760088345F /* Debug */ = {
			isa = XCBuildConfiguration;
			buildSettings = {
				ALWAYS_SEARCH_USER_PATHS = NO;
				CLANG_ANALYZER_NONNULL = YES;
				CLANG_ANALYZER_NUMBER_OBJECT_CONVERSION = YES_AGGRESSIVE;
				CLANG_CXX_LANGUAGE_STANDARD = "gnu++0x";
				CLANG_CXX_LIBRARY = "libc++";
				CLANG_ENABLE_MODULES = YES;
				CLANG_ENABLE_OBJC_ARC = YES;
				CLANG_WARN_BOOL_CONVERSION = YES;
				CLANG_WARN_CONSTANT_CONVERSION = YES;
				CLANG_WARN_DIRECT_OBJC_ISA_USAGE = YES_ERROR;
				CLANG_WARN_DOCUMENTATION_COMMENTS = YES;
				CLANG_WARN_EMPTY_BODY = YES;
				CLANG_WARN_ENUM_CONVERSION = YES;
				CLANG_WARN_INFINITE_RECURSION = YES;
				CLANG_WARN_INT_CONVERSION = YES;
				CLANG_WARN_OBJC_ROOT_CLASS = YES_ERROR;
				CLANG_WARN_SUSPICIOUS_MOVE = YES;
				CLANG_WARN_UNREACHABLE_CODE = YES;
				CLANG_WARN__DUPLICATE_METHOD_MATCH = YES;
				"CODE_SIGN_IDENTITY[sdk=iphoneos*]" = "iPhone Developer";
				COPY_PHASE_STRIP = NO;
				DEBUG_INFORMATION_FORMAT = dwarf;
				ENABLE_STRICT_OBJC_MSGSEND = YES;
				ENABLE_TESTABILITY = YES;
				GCC_C_LANGUAGE_STANDARD = gnu99;
				GCC_DYNAMIC_NO_PIC = NO;
				GCC_NO_COMMON_BLOCKS = YES;
				GCC_OPTIMIZATION_LEVEL = 0;
				GCC_PREPROCESSOR_DEFINITIONS = (
					"DEBUG=1",
					"$(inherited)",
				);
				GCC_WARN_64_TO_32_BIT_CONVERSION = YES;
				GCC_WARN_ABOUT_RETURN_TYPE = YES_ERROR;
				GCC_WARN_UNDECLARED_SELECTOR = YES;
				GCC_WARN_UNINITIALIZED_AUTOS = YES_AGGRESSIVE;
				GCC_WARN_UNUSED_FUNCTION = YES;
				GCC_WARN_UNUSED_VARIABLE = YES;
				IPHONEOS_DEPLOYMENT_TARGET = 10.3;
				MTL_ENABLE_DEBUG_INFO = YES;
				ONLY_ACTIVE_ARCH = YES;
				SDKROOT = iphoneos;
				SWIFT_ACTIVE_COMPILATION_CONDITIONS = DEBUG;
				SWIFT_OPTIMIZATION_LEVEL = "-Onone";
				TARGETED_DEVICE_FAMILY = "1,2";
			};
			name = Debug;
		};
		008AFA731EC511760088345F /* Release */ = {
			isa = XCBuildConfiguration;
			buildSettings = {
				ALWAYS_SEARCH_USER_PATHS = NO;
				CLANG_ANALYZER_NONNULL = YES;
				CLANG_ANALYZER_NUMBER_OBJECT_CONVERSION = YES_AGGRESSIVE;
				CLANG_CXX_LANGUAGE_STANDARD = "gnu++0x";
				CLANG_CXX_LIBRARY = "libc++";
				CLANG_ENABLE_MODULES = YES;
				CLANG_ENABLE_OBJC_ARC = YES;
				CLANG_WARN_BOOL_CONVERSION = YES;
				CLANG_WARN_CONSTANT_CONVERSION = YES;
				CLANG_WARN_DIRECT_OBJC_ISA_USAGE = YES_ERROR;
				CLANG_WARN_DOCUMENTATION_COMMENTS = YES;
				CLANG_WARN_EMPTY_BODY = YES;
				CLANG_WARN_ENUM_CONVERSION = YES;
				CLANG_WARN_INFINITE_RECURSION = YES;
				CLANG_WARN_INT_CONVERSION = YES;
				CLANG_WARN_OBJC_ROOT_CLASS = YES_ERROR;
				CLANG_WARN_SUSPICIOUS_MOVE = YES;
				CLANG_WARN_UNREACHABLE_CODE = YES;
				CLANG_WARN__DUPLICATE_METHOD_MATCH = YES;
				"CODE_SIGN_IDENTITY[sdk=iphoneos*]" = "iPhone Developer";
				COPY_PHASE_STRIP = NO;
				DEBUG_INFORMATION_FORMAT = "dwarf-with-dsym";
				ENABLE_NS_ASSERTIONS = NO;
				ENABLE_STRICT_OBJC_MSGSEND = YES;
				GCC_C_LANGUAGE_STANDARD = gnu99;
				GCC_NO_COMMON_BLOCKS = YES;
				GCC_WARN_64_TO_32_BIT_CONVERSION = YES;
				GCC_WARN_ABOUT_RETURN_TYPE = YES_ERROR;
				GCC_WARN_UNDECLARED_SELECTOR = YES;
				GCC_WARN_UNINITIALIZED_AUTOS = YES_AGGRESSIVE;
				GCC_WARN_UNUSED_FUNCTION = YES;
				GCC_WARN_UNUSED_VARIABLE = YES;
				IPHONEOS_DEPLOYMENT_TARGET = 10.3;
				MTL_ENABLE_DEBUG_INFO = NO;
				SDKROOT = iphoneos;
				SWIFT_OPTIMIZATION_LEVEL = "-Owholemodule";
				TARGETED_DEVICE_FAMILY = "1,2";
				VALIDATE_PRODUCT = YES;
			};
			name = Release;
		};
		008AFA751EC511760088345F /* Debug */ = {
			isa = XCBuildConfiguration;
			baseConfigurationReference = 22C84A99B9CD129F7809FB60 /* Pods-knapsack2.debug.xcconfig */;
			buildSettings = {
				ASSETCATALOG_COMPILER_APPICON_NAME = AppIcon;
				DEVELOPMENT_TEAM = LWH67H9CS7;
				INFOPLIST_FILE = knapsack2/Info.plist;
				LD_RUNPATH_SEARCH_PATHS = "$(inherited) @executable_path/Frameworks";
				PRODUCT_BUNDLE_IDENTIFIER = diligentagilty.knapsack2;
				PRODUCT_NAME = "$(TARGET_NAME)";
				SWIFT_VERSION = 3.0;
			};
			name = Debug;
		};
		008AFA761EC511760088345F /* Release */ = {
			isa = XCBuildConfiguration;
			baseConfigurationReference = A2F59DC21266F2015067BC67 /* Pods-knapsack2.release.xcconfig */;
			buildSettings = {
				ASSETCATALOG_COMPILER_APPICON_NAME = AppIcon;
				DEVELOPMENT_TEAM = LWH67H9CS7;
				INFOPLIST_FILE = knapsack2/Info.plist;
				LD_RUNPATH_SEARCH_PATHS = "$(inherited) @executable_path/Frameworks";
				PRODUCT_BUNDLE_IDENTIFIER = diligentagilty.knapsack2;
				PRODUCT_NAME = "$(TARGET_NAME)";
				SWIFT_VERSION = 3.0;
			};
			name = Release;
		};
		008AFA781EC511760088345F /* Debug */ = {
			isa = XCBuildConfiguration;
			baseConfigurationReference = 9913F114F8EAF75CCFE5CF3F /* Pods-knapsack2Tests.debug.xcconfig */;
			buildSettings = {
				ALWAYS_EMBED_SWIFT_STANDARD_LIBRARIES = YES;
				BUNDLE_LOADER = "$(TEST_HOST)";
				DEVELOPMENT_TEAM = LWH67H9CS7;
				INFOPLIST_FILE = knapsack2Tests/Info.plist;
				LD_RUNPATH_SEARCH_PATHS = "$(inherited) @executable_path/Frameworks @loader_path/Frameworks";
				PRODUCT_BUNDLE_IDENTIFIER = diligentagilty.knapsack2Tests;
				PRODUCT_NAME = "$(TARGET_NAME)";
				SWIFT_VERSION = 3.0;
				TEST_HOST = "$(BUILT_PRODUCTS_DIR)/knapsack2.app/knapsack2";
			};
			name = Debug;
		};
		008AFA791EC511760088345F /* Release */ = {
			isa = XCBuildConfiguration;
			baseConfigurationReference = 5882B79A74C4505105D79282 /* Pods-knapsack2Tests.release.xcconfig */;
			buildSettings = {
				ALWAYS_EMBED_SWIFT_STANDARD_LIBRARIES = YES;
				BUNDLE_LOADER = "$(TEST_HOST)";
				DEVELOPMENT_TEAM = LWH67H9CS7;
				INFOPLIST_FILE = knapsack2Tests/Info.plist;
				LD_RUNPATH_SEARCH_PATHS = "$(inherited) @executable_path/Frameworks @loader_path/Frameworks";
				PRODUCT_BUNDLE_IDENTIFIER = diligentagilty.knapsack2Tests;
				PRODUCT_NAME = "$(TARGET_NAME)";
				SWIFT_VERSION = 3.0;
				TEST_HOST = "$(BUILT_PRODUCTS_DIR)/knapsack2.app/knapsack2";
			};
			name = Release;
		};
		008AFA7B1EC511760088345F /* Debug */ = {
			isa = XCBuildConfiguration;
			buildSettings = {
				ALWAYS_EMBED_SWIFT_STANDARD_LIBRARIES = YES;
				DEVELOPMENT_TEAM = LWH67H9CS7;
				INFOPLIST_FILE = knapsack2UITests/Info.plist;
				LD_RUNPATH_SEARCH_PATHS = "$(inherited) @executable_path/Frameworks @loader_path/Frameworks";
				PRODUCT_BUNDLE_IDENTIFIER = diligentagilty.knapsack2UITests;
				PRODUCT_NAME = "$(TARGET_NAME)";
				SWIFT_VERSION = 3.0;
				TEST_TARGET_NAME = knapsack2;
			};
			name = Debug;
		};
		008AFA7C1EC511760088345F /* Release */ = {
			isa = XCBuildConfiguration;
			buildSettings = {
				ALWAYS_EMBED_SWIFT_STANDARD_LIBRARIES = YES;
				DEVELOPMENT_TEAM = LWH67H9CS7;
				INFOPLIST_FILE = knapsack2UITests/Info.plist;
				LD_RUNPATH_SEARCH_PATHS = "$(inherited) @executable_path/Frameworks @loader_path/Frameworks";
				PRODUCT_BUNDLE_IDENTIFIER = diligentagilty.knapsack2UITests;
				PRODUCT_NAME = "$(TARGET_NAME)";
				SWIFT_VERSION = 3.0;
				TEST_TARGET_NAME = knapsack2;
			};
			name = Release;
		};
/* End XCBuildConfiguration section */

/* Begin XCConfigurationList section */
		008AFA471EC511760088345F /* Build configuration list for PBXProject "knapsack2" */ = {
			isa = XCConfigurationList;
			buildConfigurations = (
				008AFA721EC511760088345F /* Debug */,
				008AFA731EC511760088345F /* Release */,
			);
			defaultConfigurationIsVisible = 0;
			defaultConfigurationName = Release;
		};
		008AFA741EC511760088345F /* Build configuration list for PBXNativeTarget "knapsack2" */ = {
			isa = XCConfigurationList;
			buildConfigurations = (
				008AFA751EC511760088345F /* Debug */,
				008AFA761EC511760088345F /* Release */,
			);
			defaultConfigurationIsVisible = 0;
			defaultConfigurationName = Release;
		};
		008AFA771EC511760088345F /* Build configuration list for PBXNativeTarget "knapsack2Tests" */ = {
			isa = XCConfigurationList;
			buildConfigurations = (
				008AFA781EC511760088345F /* Debug */,
				008AFA791EC511760088345F /* Release */,
			);
			defaultConfigurationIsVisible = 0;
			defaultConfigurationName = Release;
		};
		008AFA7A1EC511760088345F /* Build configuration list for PBXNativeTarget "knapsack2UITests" */ = {
			isa = XCConfigurationList;
			buildConfigurations = (
				008AFA7B1EC511760088345F /* Debug */,
				008AFA7C1EC511760088345F /* Release */,
			);
			defaultConfigurationIsVisible = 0;
			defaultConfigurationName = Release;
		};
/* End XCConfigurationList section */
	};
	rootObject = 008AFA441EC511760088345F /* Project object */;
}
